
Microsoft Visual Studio Solution File, Format Version 12.00
# Visual Studio Version 17
VisualStudioVersion = 17.12.35506.116 d17.12
MinimumVisualStudioVersion = 10.0.40219.1
Project("{FAE04EC0-301F-11D3-BF4B-00C04F79EFBC}") = "WebAPI", "WebAPI\WebAPI.csproj", "{B3453883-8483-4F56-9C97-72EAAB3E49E2}"
EndProject
Project("{FAE04EC0-301F-11D3-BF4B-00C04F79EFBC}") = "DanciuRaduLab11", "DanciuRaduLab11\DanciuRaduLab11.csproj", "{0A0194AB-48D6-4B9E-9EF3-0890E163CAAE}"
EndProject
Global
	GlobalSection(SolutionConfigurationPlatforms) = preSolution
		Debug|Any CPU = Debug|Any CPU
		Release|Any CPU = Release|Any CPU
	EndGlobalSection
	GlobalSection(ProjectConfigurationPlatforms) = postSolution
		{B3453883-8483-4F56-9C97-72EAAB3E49E2}.Debug|Any CPU.ActiveCfg = Debug|Any CPU
		{B3453883-8483-4F56-9C97-72EAAB3E49E2}.Debug|Any CPU.Build.0 = Debug|Any CPU
		{B3453883-8483-4F56-9C97-72EAAB3E49E2}.Release|Any CPU.ActiveCfg = Release|Any CPU
		{B3453883-8483-4F56-9C97-72EAAB3E49E2}.Release|Any CPU.Build.0 = Release|Any CPU
		{0A0194AB-48D6-4B9E-9EF3-0890E163CAAE}.Debug|Any CPU.ActiveCfg = Debug|Any CPU
		{0A0194AB-48D6-4B9E-9EF3-0890E163CAAE}.Debug|Any CPU.Build.0 = Debug|Any CPU
		{0A0194AB-48D6-4B9E-9EF3-0890E163CAAE}.Debug|Any CPU.Deploy.0 = Debug|Any CPU
		{0A0194AB-48D6-4B9E-9EF3-0890E163CAAE}.Release|Any CPU.ActiveCfg = Release|Any CPU
		{0A0194AB-48D6-4B9E-9EF3-0890E163CAAE}.Release|Any CPU.Build.0 = Release|Any CPU
		{0A0194AB-48D6-4B9E-9EF3-0890E163CAAE}.Release|Any CPU.Deploy.0 = Release|Any CPU
	EndGlobalSection
	GlobalSection(SolutionProperties) = preSolution
		HideSolutionNode = FALSE
	EndGlobalSection
EndGlobal
